
Microsoft Visual Studio Solution File, Format Version 12.00
# Visual Studio 2013
VisualStudioVersion = 12.0.40629.0
MinimumVisualStudioVersion = 10.0.40219.1
Project("{FAE04EC0-301F-11D3-BF4B-00C04F79EFBC}") = "2011116302-CON", "2011116302-CON\2011116302-CON.csproj", "{6F6F279B-0201-40D5-9894-8CA22D13BDF4}"
EndProject
Project("{FAE04EC0-301F-11D3-BF4B-00C04F79EFBC}") = "2011116302-ENT", "2011116302-ENT\2011116302-ENT.csproj", "{7A518275-9B44-4BC4-8639-08457359E3D0}"
EndProject
Project("{FAE04EC0-301F-11D3-BF4B-00C04F79EFBC}") = "2011116302-PER", "2011116302-PER\2011116302-PER.csproj", "{6A52A671-D116-4F9E-BC34-9902A8BD26BC}"
EndProject
Global
	GlobalSection(SolutionConfigurationPlatforms) = preSolution
		Debug|Any CPU = Debug|Any CPU
		Release|Any CPU = Release|Any CPU
	EndGlobalSection
	GlobalSection(ProjectConfigurationPlatforms) = postSolution
		{6F6F279B-0201-40D5-9894-8CA22D13BDF4}.Debug|Any CPU.ActiveCfg = Debug|Any CPU
		{6F6F279B-0201-40D5-9894-8CA22D13BDF4}.Debug|Any CPU.Build.0 = Debug|Any CPU
		{6F6F279B-0201-40D5-9894-8CA22D13BDF4}.Release|Any CPU.ActiveCfg = Release|Any CPU
		{6F6F279B-0201-40D5-9894-8CA22D13BDF4}.Release|Any CPU.Build.0 = Release|Any CPU
		{7A518275-9B44-4BC4-8639-08457359E3D0}.Debug|Any CPU.ActiveCfg = Debug|Any CPU
		{7A518275-9B44-4BC4-8639-08457359E3D0}.Debug|Any CPU.Build.0 = Debug|Any CPU
		{7A518275-9B44-4BC4-8639-08457359E3D0}.Release|Any CPU.ActiveCfg = Release|Any CPU
		{7A518275-9B44-4BC4-8639-08457359E3D0}.Release|Any CPU.Build.0 = Release|Any CPU
		{6A52A671-D116-4F9E-BC34-9902A8BD26BC}.Debug|Any CPU.ActiveCfg = Debug|Any CPU
		{6A52A671-D116-4F9E-BC34-9902A8BD26BC}.Debug|Any CPU.Build.0 = Debug|Any CPU
		{6A52A671-D116-4F9E-BC34-9902A8BD26BC}.Release|Any CPU.ActiveCfg = Release|Any CPU
		{6A52A671-D116-4F9E-BC34-9902A8BD26BC}.Release|Any CPU.Build.0 = Release|Any CPU
	EndGlobalSection
	GlobalSection(SolutionProperties) = preSolution
		HideSolutionNode = FALSE
	EndGlobalSection
EndGlobal
