
Microsoft Visual Studio Solution File, Format Version 12.00
# Visual Studio 15
VisualStudioVersion = 15.0.26430.13
MinimumVisualStudioVersion = 10.0.40219.1
Project("{FAE04EC0-301F-11D3-BF4B-00C04F79EFBC}") = "2011116302-CON", "2011116302-CON\2011116302-CON.csproj", "{83E86FF2-4E8E-446A-804C-AD5EA2F1DCAD}"
EndProject
Project("{FAE04EC0-301F-11D3-BF4B-00C04F79EFBC}") = "2011116302-ENT", "2011116302-ENT\2011116302-ENT.csproj", "{3AD04177-EE85-411E-9FDF-9E4BE1128A0B}"
EndProject
Project("{FAE04EC0-301F-11D3-BF4B-00C04F79EFBC}") = "2011116302-PER", "2011116302-PER\2011116302-PER.csproj", "{DF9727E4-9D8B-4CA6-9EB3-3C2D5FC7C503}"
EndProject
Project("{FAE04EC0-301F-11D3-BF4B-00C04F79EFBC}") = "2011116302-MVC", "2011116302-MVC\2011116302-MVC.csproj", "{9475619D-26C9-4354-BD0B-ACF9217040D0}"
EndProject
Project("{FAE04EC0-301F-11D3-BF4B-00C04F79EFBC}") = "2011116302.WebAPI", "2011116302.WebAPI\2011116302.WebAPI.csproj", "{54622A9C-2277-46A9-A063-2DC723B92000}"
EndProject
Global
	GlobalSection(SolutionConfigurationPlatforms) = preSolution
		Debug|Any CPU = Debug|Any CPU
		Release|Any CPU = Release|Any CPU
	EndGlobalSection
	GlobalSection(ProjectConfigurationPlatforms) = postSolution
		{83E86FF2-4E8E-446A-804C-AD5EA2F1DCAD}.Debug|Any CPU.ActiveCfg = Debug|Any CPU
		{83E86FF2-4E8E-446A-804C-AD5EA2F1DCAD}.Debug|Any CPU.Build.0 = Debug|Any CPU
		{83E86FF2-4E8E-446A-804C-AD5EA2F1DCAD}.Release|Any CPU.ActiveCfg = Release|Any CPU
		{83E86FF2-4E8E-446A-804C-AD5EA2F1DCAD}.Release|Any CPU.Build.0 = Release|Any CPU
		{3AD04177-EE85-411E-9FDF-9E4BE1128A0B}.Debug|Any CPU.ActiveCfg = Debug|Any CPU
		{3AD04177-EE85-411E-9FDF-9E4BE1128A0B}.Debug|Any CPU.Build.0 = Debug|Any CPU
		{3AD04177-EE85-411E-9FDF-9E4BE1128A0B}.Release|Any CPU.ActiveCfg = Release|Any CPU
		{3AD04177-EE85-411E-9FDF-9E4BE1128A0B}.Release|Any CPU.Build.0 = Release|Any CPU
		{DF9727E4-9D8B-4CA6-9EB3-3C2D5FC7C503}.Debug|Any CPU.ActiveCfg = Debug|Any CPU
		{DF9727E4-9D8B-4CA6-9EB3-3C2D5FC7C503}.Debug|Any CPU.Build.0 = Debug|Any CPU
		{DF9727E4-9D8B-4CA6-9EB3-3C2D5FC7C503}.Release|Any CPU.ActiveCfg = Release|Any CPU
		{DF9727E4-9D8B-4CA6-9EB3-3C2D5FC7C503}.Release|Any CPU.Build.0 = Release|Any CPU
		{9475619D-26C9-4354-BD0B-ACF9217040D0}.Debug|Any CPU.ActiveCfg = Debug|Any CPU
		{9475619D-26C9-4354-BD0B-ACF9217040D0}.Debug|Any CPU.Build.0 = Debug|Any CPU
		{9475619D-26C9-4354-BD0B-ACF9217040D0}.Release|Any CPU.ActiveCfg = Release|Any CPU
		{9475619D-26C9-4354-BD0B-ACF9217040D0}.Release|Any CPU.Build.0 = Release|Any CPU
		{54622A9C-2277-46A9-A063-2DC723B92000}.Debug|Any CPU.ActiveCfg = Debug|Any CPU
		{54622A9C-2277-46A9-A063-2DC723B92000}.Debug|Any CPU.Build.0 = Debug|Any CPU
		{54622A9C-2277-46A9-A063-2DC723B92000}.Release|Any CPU.ActiveCfg = Release|Any CPU
		{54622A9C-2277-46A9-A063-2DC723B92000}.Release|Any CPU.Build.0 = Release|Any CPU
	EndGlobalSection
	GlobalSection(SolutionProperties) = preSolution
		HideSolutionNode = FALSE
	EndGlobalSection
EndGlobal
